
Microsoft Visual Studio Solution File, Format Version 12.00
# Visual Studio 2012
Project("{FAE04EC0-301F-11D3-BF4B-00C04F79EFBC}") = "Ch_1_04_parrallel", "Ch_1_04_parrallel\Ch_1_04_parrallel.csproj", "{DE5DC5A0-9F43-4593-9FC8-3E93A8F181DE}"
EndProject
Project("{FAE04EC0-301F-11D3-BF4B-00C04F79EFBC}") = "Ch_1_05_async", "Ch_1_05_async\Ch_1_05_async.csproj", "{09DE95FC-EF17-4FCC-AA84-5632E4E96141}"
EndProject
Project("{FAE04EC0-301F-11D3-BF4B-00C04F79EFBC}") = "Ch_1_06_dispose", "Ch_1_06_dispose\Ch_1_06_dispose.csproj", "{596AB75E-5910-42A2-8232-8197348F13B5}"
EndProject
Project("{FAE04EC0-301F-11D3-BF4B-00C04F79EFBC}") = "Ch_2_05_checked", "Ch_2_05_checked\Ch_2_05_checked.csproj", "{A7BC83C9-1CC7-4497-BB55-A6E76DF15814}"
EndProject
Project("{FAE04EC0-301F-11D3-BF4B-00C04F79EFBC}") = "Ch_2_13_doesNothing", "Ch_2_13_doesNothing\Ch_2_13_doesNothing.csproj", "{60B0E32A-7E47-489E-A28B-FD8EFFACB488}"
EndProject
Project("{FAE04EC0-301F-11D3-BF4B-00C04F79EFBC}") = "Ch_3_02_firstSingle", "Ch_3_02_firstSingle\Ch_3_02_firstSingle.csproj", "{29404BAD-EFBE-465B-99A4-7CF857AE8B6F}"
EndProject
Project("{FAE04EC0-301F-11D3-BF4B-00C04F79EFBC}") = "Ch_3_04_array_IEnumerableT", "Ch_3_04_array_IEnumerableT\Ch_3_04_array_IEnumerableT.csproj", "{224B558C-D584-46F6-ADC6-BF53F0571F77}"
EndProject
Project("{FAE04EC0-301F-11D3-BF4B-00C04F79EFBC}") = "Ch_3_06_cast_ofType", "Ch_3_06_cast_ofType\Ch_3_06_cast_ofType.csproj", "{26498FF1-2736-47EF-8801-61B49E9DCB6C}"
EndProject
Global
	GlobalSection(SolutionConfigurationPlatforms) = preSolution
		Debug|x86 = Debug|x86
		Release|x86 = Release|x86
	EndGlobalSection
	GlobalSection(ProjectConfigurationPlatforms) = postSolution
		{DE5DC5A0-9F43-4593-9FC8-3E93A8F181DE}.Debug|x86.ActiveCfg = Debug|x86
		{DE5DC5A0-9F43-4593-9FC8-3E93A8F181DE}.Debug|x86.Build.0 = Debug|x86
		{DE5DC5A0-9F43-4593-9FC8-3E93A8F181DE}.Release|x86.ActiveCfg = Release|x86
		{DE5DC5A0-9F43-4593-9FC8-3E93A8F181DE}.Release|x86.Build.0 = Release|x86
		{09DE95FC-EF17-4FCC-AA84-5632E4E96141}.Debug|x86.ActiveCfg = Debug|x86
		{09DE95FC-EF17-4FCC-AA84-5632E4E96141}.Debug|x86.Build.0 = Debug|x86
		{09DE95FC-EF17-4FCC-AA84-5632E4E96141}.Release|x86.ActiveCfg = Release|x86
		{09DE95FC-EF17-4FCC-AA84-5632E4E96141}.Release|x86.Build.0 = Release|x86
		{596AB75E-5910-42A2-8232-8197348F13B5}.Debug|x86.ActiveCfg = Debug|x86
		{596AB75E-5910-42A2-8232-8197348F13B5}.Debug|x86.Build.0 = Debug|x86
		{596AB75E-5910-42A2-8232-8197348F13B5}.Release|x86.ActiveCfg = Release|x86
		{596AB75E-5910-42A2-8232-8197348F13B5}.Release|x86.Build.0 = Release|x86
		{A7BC83C9-1CC7-4497-BB55-A6E76DF15814}.Debug|x86.ActiveCfg = Debug|x86
		{A7BC83C9-1CC7-4497-BB55-A6E76DF15814}.Debug|x86.Build.0 = Debug|x86
		{A7BC83C9-1CC7-4497-BB55-A6E76DF15814}.Release|x86.ActiveCfg = Release|x86
		{A7BC83C9-1CC7-4497-BB55-A6E76DF15814}.Release|x86.Build.0 = Release|x86
		{60B0E32A-7E47-489E-A28B-FD8EFFACB488}.Debug|x86.ActiveCfg = Debug|x86
		{60B0E32A-7E47-489E-A28B-FD8EFFACB488}.Debug|x86.Build.0 = Debug|x86
		{60B0E32A-7E47-489E-A28B-FD8EFFACB488}.Release|x86.ActiveCfg = Release|x86
		{60B0E32A-7E47-489E-A28B-FD8EFFACB488}.Release|x86.Build.0 = Release|x86
		{29404BAD-EFBE-465B-99A4-7CF857AE8B6F}.Debug|x86.ActiveCfg = Debug|x86
		{29404BAD-EFBE-465B-99A4-7CF857AE8B6F}.Debug|x86.Build.0 = Debug|x86
		{29404BAD-EFBE-465B-99A4-7CF857AE8B6F}.Release|x86.ActiveCfg = Release|x86
		{29404BAD-EFBE-465B-99A4-7CF857AE8B6F}.Release|x86.Build.0 = Release|x86
		{224B558C-D584-46F6-ADC6-BF53F0571F77}.Debug|x86.ActiveCfg = Debug|x86
		{224B558C-D584-46F6-ADC6-BF53F0571F77}.Debug|x86.Build.0 = Debug|x86
		{224B558C-D584-46F6-ADC6-BF53F0571F77}.Release|x86.ActiveCfg = Release|x86
		{224B558C-D584-46F6-ADC6-BF53F0571F77}.Release|x86.Build.0 = Release|x86
		{26498FF1-2736-47EF-8801-61B49E9DCB6C}.Debug|x86.ActiveCfg = Debug|x86
		{26498FF1-2736-47EF-8801-61B49E9DCB6C}.Debug|x86.Build.0 = Debug|x86
		{26498FF1-2736-47EF-8801-61B49E9DCB6C}.Release|x86.ActiveCfg = Release|x86
		{26498FF1-2736-47EF-8801-61B49E9DCB6C}.Release|x86.Build.0 = Release|x86
	EndGlobalSection
EndGlobal
